
Microsoft Visual Studio Solution File, Format Version 12.00
# Visual Studio 15
VisualStudioVersion = 15.0.28010.2019
MinimumVisualStudioVersion = 10.0.40219.1
Project("{FAE04EC0-301F-11D3-BF4B-00C04F79EFBC}") = "Unit2Assignment", "Unit2Assignment\Unit2Assignment.csproj", "{64548B87-5298-4409-AF1E-146C6FAE64BE}"
EndProject
Global
	GlobalSection(SolutionConfigurationPlatforms) = preSolution
		Debug|Any CPU = Debug|Any CPU
		Release|Any CPU = Release|Any CPU
	EndGlobalSection
	GlobalSection(ProjectConfigurationPlatforms) = postSolution
		{64548B87-5298-4409-AF1E-146C6FAE64BE}.Debug|Any CPU.ActiveCfg = Debug|Any CPU
		{64548B87-5298-4409-AF1E-146C6FAE64BE}.Debug|Any CPU.Build.0 = Debug|Any CPU
		{64548B87-5298-4409-AF1E-146C6FAE64BE}.Release|Any CPU.ActiveCfg = Release|Any CPU
		{64548B87-5298-4409-AF1E-146C6FAE64BE}.Release|Any CPU.Build.0 = Release|Any CPU
	EndGlobalSection
	GlobalSection(SolutionProperties) = preSolution
		HideSolutionNode = FALSE
	EndGlobalSection
	GlobalSection(ExtensibilityGlobals) = postSolution
		SolutionGuid = {B87B1A61-C313-4581-934F-7684C3873747}
	EndGlobalSection
EndGlobal
